
Microsoft Visual Studio Solution File, Format Version 12.00
# Visual Studio Version 16
VisualStudioVersion = 16.0.30907.101
MinimumVisualStudioVersion = 10.0.40219.1
Project("{FAE04EC0-301F-11D3-BF4B-00C04F79EFBC}") = "PROYECTO_BIBLIOTECA_GRUPO1", "PROYECTO_BIBLIOTECA_GRUPO1.csproj", "{ADFA1BB9-3DB9-40ED-B04E-62510D2FB4E2}"
EndProject
Global
	GlobalSection(SolutionConfigurationPlatforms) = preSolution
		Debug|Any CPU = Debug|Any CPU
		Release|Any CPU = Release|Any CPU
	EndGlobalSection
	GlobalSection(ProjectConfigurationPlatforms) = postSolution
		{ADFA1BB9-3DB9-40ED-B04E-62510D2FB4E2}.Debug|Any CPU.ActiveCfg = Debug|Any CPU
		{ADFA1BB9-3DB9-40ED-B04E-62510D2FB4E2}.Debug|Any CPU.Build.0 = Debug|Any CPU
		{ADFA1BB9-3DB9-40ED-B04E-62510D2FB4E2}.Release|Any CPU.ActiveCfg = Release|Any CPU
		{ADFA1BB9-3DB9-40ED-B04E-62510D2FB4E2}.Release|Any CPU.Build.0 = Release|Any CPU
	EndGlobalSection
	GlobalSection(SolutionProperties) = preSolution
		HideSolutionNode = FALSE
	EndGlobalSection
	GlobalSection(ExtensibilityGlobals) = postSolution
		SolutionGuid = {CAE84D24-4164-4CAF-8C67-F0600AE2E7C0}
	EndGlobalSection
EndGlobal
